
Microsoft Visual Studio Solution File, Format Version 12.00
# Visual Studio Version 17
VisualStudioVersion = 17.6.33815.320
MinimumVisualStudioVersion = 10.0.40219.1
Project("{FAE04EC0-301F-11D3-BF4B-00C04F79EFBC}") = "jegpalya", "jegpalya.csproj", "{6E81D23F-383D-4675-A22D-3C114FD9947C}"
EndProject
Global
	GlobalSection(SolutionConfigurationPlatforms) = preSolution
		Debug|Any CPU = Debug|Any CPU
		Release|Any CPU = Release|Any CPU
	EndGlobalSection
	GlobalSection(ProjectConfigurationPlatforms) = postSolution
		{6E81D23F-383D-4675-A22D-3C114FD9947C}.Debug|Any CPU.ActiveCfg = Debug|Any CPU
		{6E81D23F-383D-4675-A22D-3C114FD9947C}.Debug|Any CPU.Build.0 = Debug|Any CPU
		{6E81D23F-383D-4675-A22D-3C114FD9947C}.Release|Any CPU.ActiveCfg = Release|Any CPU
		{6E81D23F-383D-4675-A22D-3C114FD9947C}.Release|Any CPU.Build.0 = Release|Any CPU
	EndGlobalSection
	GlobalSection(SolutionProperties) = preSolution
		HideSolutionNode = FALSE
	EndGlobalSection
	GlobalSection(ExtensibilityGlobals) = postSolution
		SolutionGuid = {6E2AA087-7934-4E44-A2F7-7361A536A474}
	EndGlobalSection
EndGlobal
